
Microsoft Visual Studio Solution File, Format Version 12.00
# Visual Studio 2013
VisualStudioVersion = 12.0.31101.0
MinimumVisualStudioVersion = 10.0.40219.1
Project("{FAE04EC0-301F-11D3-BF4B-00C04F79EFBC}") = "propertyfinder", "propertyfinder\propertyfinder.csproj", "{120616DD-728F-42E1-A41C-21F48087CD2B}"
EndProject
Project("{2150E333-8FDC-42A3-9474-1A3956D46DE8}") = ".nuget", ".nuget", "{04E3EBC0-CA86-4F0F-86D6-818913DFD12F}"
	ProjectSection(SolutionItems) = preProject
		.nuget\NuGet.Config = .nuget\NuGet.Config
		.nuget\NuGet.exe = .nuget\NuGet.exe
		.nuget\NuGet.targets = .nuget\NuGet.targets
	EndProjectSection
EndProject
Global
	GlobalSection(SolutionConfigurationPlatforms) = preSolution
		Debug|Any CPU = Debug|Any CPU
		Release|Any CPU = Release|Any CPU
	EndGlobalSection
	GlobalSection(ProjectConfigurationPlatforms) = postSolution
		{120616DD-728F-42E1-A41C-21F48087CD2B}.Debug|Any CPU.ActiveCfg = Debug|Any CPU
		{120616DD-728F-42E1-A41C-21F48087CD2B}.Debug|Any CPU.Build.0 = Debug|Any CPU
		{120616DD-728F-42E1-A41C-21F48087CD2B}.Release|Any CPU.ActiveCfg = Release|Any CPU
		{120616DD-728F-42E1-A41C-21F48087CD2B}.Release|Any CPU.Build.0 = Release|Any CPU
	EndGlobalSection
	GlobalSection(SolutionProperties) = preSolution
		HideSolutionNode = FALSE
	EndGlobalSection
EndGlobal
